schema: '2.0'
stages:
  train:
    cmd: py train.py
    deps:
    - path: anecdotes.csv
      hash: md5
      md5: 1707a54648dab05354dbec1ca51e9d29
      size: 290192
    - path: train.py
      hash: md5
      md5: 881774825763c3cce9fb091a0a720e3b
      size: 2755
    params:
      params.yaml:
        train:
          model: xgb
          n_estimators: 100
          max_features: 5000
    outs:
    - path: model.pkl
      hash: md5
      md5: 1a6aff610f43e6ba35f53fd8c4e5e04a
      size: 810600
    - path: results.json
      hash: md5
      md5: d6870c2bdd383558512baeca69e95076
      size: 32
