schema: '2.0'
stages:
  train:
    cmd: py train.py
    deps:
    - path: anecdotes.csv
      hash: md5
      md5: 1707a54648dab05354dbec1ca51e9d29
      size: 290192
    - path: train.py
      hash: md5
      md5: c254a968b5b838eeb5275a42656de056
      size: 1993
    params:
      params.yaml:
        train:
          model: nb
          n_estimators: 100
          max_features: 5000
    outs:
    - path: model.pkl
      hash: md5
      md5: 7c4df591c59dfd2e4be793c3dfbef3e0
      size: 640761
    - path: results.json
      hash: md5
      md5: c1f4d54e1465c93e36d9e8a6364b4261
      size: 22
