schema: '2.0'
stages:
  train:
    cmd: py train.py
    deps:
    - path: anecdotes.csv
      hash: md5
      md5: 1707a54648dab05354dbec1ca51e9d29
      size: 290192
    - path: train.py
      hash: md5
      md5: e036dbfc82e7d4f88d12170847058477
      size: 4537
    params:
      params.yaml:
        train:
          model: nb
          n_estimators: 100
          max_features: 5000
          lemmatize: true
          augment: true
    outs:
    - path: model.pkl
      hash: md5
      md5: c0dbfc768905d3598538d54c71378421
      size: 493177
    - path: results.json
      hash: md5
      md5: 3363f41fe29e3fad11027ebfb54d0666
      size: 22
